
Microsoft Visual Studio Solution File, Format Version 12.00
# Visual Studio Version 17
VisualStudioVersion = 17.0.31903.59
MinimumVisualStudioVersion = 10.0.40219.1
Project("{FAE04EC0-301F-11D3-BF4B-00C04F79EFBC}") = "StudentConsumptionMVC", "StudentConsumptionMVC\StudentConsumptionMVC.csproj", "{6BFDEBC8-6542-44AA-92B9-7DF6716B370B}"
EndProject
Global
	GlobalSection(SolutionConfigurationPlatforms) = preSolution
		Debug|Any CPU = Debug|Any CPU
		Release|Any CPU = Release|Any CPU
	EndGlobalSection
	GlobalSection(ProjectConfigurationPlatforms) = postSolution
		{6BFDEBC8-6542-44AA-92B9-7DF6716B370B}.Debug|Any CPU.ActiveCfg = Debug|Any CPU
		{6BFDEBC8-6542-44AA-92B9-7DF6716B370B}.Debug|Any CPU.Build.0 = Debug|Any CPU
		{6BFDEBC8-6542-44AA-92B9-7DF6716B370B}.Release|Any CPU.ActiveCfg = Release|Any CPU
		{6BFDEBC8-6542-44AA-92B9-7DF6716B370B}.Release|Any CPU.Build.0 = Release|Any CPU
	EndGlobalSection
	GlobalSection(SolutionProperties) = preSolution
		HideSolutionNode = FALSE
	EndGlobalSection
	GlobalSection(ExtensibilityGlobals) = postSolution
		SolutionGuid = {80DA68D8-5F9A-4EE2-8A50-1CD709B9D6FC}
	EndGlobalSection
EndGlobal
